
Microsoft Visual Studio Solution File, Format Version 12.00
# Visual Studio 15
Project("{FAE04EC0-301F-11D3-BF4B-00C04F79EFBC}") = "Assembly-CSharp", "Assembly-CSharp.csproj", "{7FBE2D66-F43F-B603-9B6F-18AFD31FFB94}"
EndProject
Project("{FAE04EC0-301F-11D3-BF4B-00C04F79EFBC}") = "Assembly-CSharp-Editor", "Assembly-CSharp-Editor.csproj", "{A87696A2-815A-FB0B-F3C2-78D58E8A7770}"
EndProject
Global
	GlobalSection(SolutionConfigurationPlatforms) = preSolution
		Debug|Any CPU = Debug|Any CPU
		Release|Any CPU = Release|Any CPU
	EndGlobalSection
	GlobalSection(ProjectConfigurationPlatforms) = postSolution
		{7FBE2D66-F43F-B603-9B6F-18AFD31FFB94}.Debug|Any CPU.ActiveCfg = Debug|Any CPU
		{7FBE2D66-F43F-B603-9B6F-18AFD31FFB94}.Debug|Any CPU.Build.0 = Debug|Any CPU
		{7FBE2D66-F43F-B603-9B6F-18AFD31FFB94}.Release|Any CPU.ActiveCfg = Release|Any CPU
		{7FBE2D66-F43F-B603-9B6F-18AFD31FFB94}.Release|Any CPU.Build.0 = Release|Any CPU
		{A87696A2-815A-FB0B-F3C2-78D58E8A7770}.Debug|Any CPU.ActiveCfg = Debug|Any CPU
		{A87696A2-815A-FB0B-F3C2-78D58E8A7770}.Debug|Any CPU.Build.0 = Debug|Any CPU
		{A87696A2-815A-FB0B-F3C2-78D58E8A7770}.Release|Any CPU.ActiveCfg = Release|Any CPU
		{A87696A2-815A-FB0B-F3C2-78D58E8A7770}.Release|Any CPU.Build.0 = Release|Any CPU
	EndGlobalSection
	GlobalSection(SolutionProperties) = preSolution
		HideSolutionNode = FALSE
	EndGlobalSection
	GlobalSection(MonoDevelopProperties) = preSolution
		StartupItem = Assembly-CSharp.csproj
	EndGlobalSection
EndGlobal
